
Microsoft Visual Studio Solution File, Format Version 12.00
# Visual Studio Version 17
VisualStudioVersion = 17.11.35219.272
MinimumVisualStudioVersion = 10.0.40219.1
Project("{FAE04EC0-301F-11D3-BF4B-00C04F79EFBC}") = "KCrumpton-CPT 206 - Lab 4 Class Library", "KCrumpton-CPT 206 - Lab 4 Class Library.csproj", "{2690A208-7692-4B31-AAFB-D23A50553558}"
EndProject
Global
	GlobalSection(SolutionConfigurationPlatforms) = preSolution
		Debug|Any CPU = Debug|Any CPU
		Release|Any CPU = Release|Any CPU
	EndGlobalSection
	GlobalSection(ProjectConfigurationPlatforms) = postSolution
		{2690A208-7692-4B31-AAFB-D23A50553558}.Debug|Any CPU.ActiveCfg = Debug|Any CPU
		{2690A208-7692-4B31-AAFB-D23A50553558}.Debug|Any CPU.Build.0 = Debug|Any CPU
		{2690A208-7692-4B31-AAFB-D23A50553558}.Release|Any CPU.ActiveCfg = Release|Any CPU
		{2690A208-7692-4B31-AAFB-D23A50553558}.Release|Any CPU.Build.0 = Release|Any CPU
	EndGlobalSection
	GlobalSection(SolutionProperties) = preSolution
		HideSolutionNode = FALSE
	EndGlobalSection
	GlobalSection(ExtensibilityGlobals) = postSolution
		SolutionGuid = {06F75CAC-795A-422E-A4F0-14095442EE96}
	EndGlobalSection
EndGlobal
